
Microsoft Visual Studio Solution File, Format Version 12.00
# Visual Studio Version 17
VisualStudioVersion = 17.3.32901.215
MinimumVisualStudioVersion = 10.0.40219.1
Project("{FAE04EC0-301F-11D3-BF4B-00C04F79EFBC}") = "banka-ornek", "banka-ornek\banka-ornek.csproj", "{683B4AD5-D2C5-46E2-A618-8B7A0A1D0592}"
EndProject
Global
	GlobalSection(SolutionConfigurationPlatforms) = preSolution
		Debug|Any CPU = Debug|Any CPU
		Release|Any CPU = Release|Any CPU
	EndGlobalSection
	GlobalSection(ProjectConfigurationPlatforms) = postSolution
		{683B4AD5-D2C5-46E2-A618-8B7A0A1D0592}.Debug|Any CPU.ActiveCfg = Debug|Any CPU
		{683B4AD5-D2C5-46E2-A618-8B7A0A1D0592}.Debug|Any CPU.Build.0 = Debug|Any CPU
		{683B4AD5-D2C5-46E2-A618-8B7A0A1D0592}.Release|Any CPU.ActiveCfg = Release|Any CPU
		{683B4AD5-D2C5-46E2-A618-8B7A0A1D0592}.Release|Any CPU.Build.0 = Release|Any CPU
	EndGlobalSection
	GlobalSection(SolutionProperties) = preSolution
		HideSolutionNode = FALSE
	EndGlobalSection
	GlobalSection(ExtensibilityGlobals) = postSolution
		SolutionGuid = {10EAB31C-E8B1-4049-A772-3949336E5544}
	EndGlobalSection
EndGlobal
